
Microsoft Visual Studio Solution File, Format Version 12.00
# Visual Studio 2013
VisualStudioVersion = 12.0.31101.0
MinimumVisualStudioVersion = 10.0.40219.1
Project("{FAE04EC0-301F-11D3-BF4B-00C04F79EFBC}") = "Tools", "Tools\Tools.csproj", "{669D371C-FBA4-4A38-A51C-ECAAD56A19F1}"
EndProject
Project("{FAE04EC0-301F-11D3-BF4B-00C04F79EFBC}") = "Tools.Test", "Tools.Test\Tools.Test.csproj", "{BEED7AC1-AFE4-4A25-ADC0-61718916D28A}"
EndProject
Project("{2150E333-8FDC-42A3-9474-1A3956D46DE8}") = "Solution Items", "Solution Items", "{901D3E58-7F98-43F3-8798-9628FE3E5933}"
	ProjectSection(SolutionItems) = preProject
		appveyor.yml = appveyor.yml
	EndProjectSection
EndProject
Global
	GlobalSection(SolutionConfigurationPlatforms) = preSolution
		Debug|Any CPU = Debug|Any CPU
		Release|Any CPU = Release|Any CPU
	EndGlobalSection
	GlobalSection(ProjectConfigurationPlatforms) = postSolution
		{669D371C-FBA4-4A38-A51C-ECAAD56A19F1}.Debug|Any CPU.ActiveCfg = Debug|Any CPU
		{669D371C-FBA4-4A38-A51C-ECAAD56A19F1}.Debug|Any CPU.Build.0 = Debug|Any CPU
		{669D371C-FBA4-4A38-A51C-ECAAD56A19F1}.Release|Any CPU.ActiveCfg = Release|Any CPU
		{669D371C-FBA4-4A38-A51C-ECAAD56A19F1}.Release|Any CPU.Build.0 = Release|Any CPU
		{BEED7AC1-AFE4-4A25-ADC0-61718916D28A}.Debug|Any CPU.ActiveCfg = Debug|Any CPU
		{BEED7AC1-AFE4-4A25-ADC0-61718916D28A}.Debug|Any CPU.Build.0 = Debug|Any CPU
		{BEED7AC1-AFE4-4A25-ADC0-61718916D28A}.Release|Any CPU.ActiveCfg = Release|Any CPU
		{BEED7AC1-AFE4-4A25-ADC0-61718916D28A}.Release|Any CPU.Build.0 = Release|Any CPU
	EndGlobalSection
	GlobalSection(SolutionProperties) = preSolution
		HideSolutionNode = FALSE
	EndGlobalSection
EndGlobal
